
Microsoft Visual Studio Solution File, Format Version 12.00
# Visual Studio Version 17
VisualStudioVersion = 17.7.34202.233
MinimumVisualStudioVersion = 10.0.40219.1
Project("{9A19103F-16F7-4668-BE54-9A1E7A4F7556}") = "TypesAndVariables", "TypesAndVariables\TypesAndVariables.csproj", "{879C8540-A052-4FCE-873F-342C460F0659}"
EndProject
Project("{9A19103F-16F7-4668-BE54-9A1E7A4F7556}") = "Conditionals", "Conditionals\Conditionals.csproj", "{E2BF1A35-AA49-4F8B-BE66-6AC90E12DC3E}"
EndProject
Project("{9A19103F-16F7-4668-BE54-9A1E7A4F7556}") = "Methods", "Methods\Methods.csproj", "{E8C10AE5-116C-4FC7-BFF3-F60E9A3AD31D}"
EndProject
Project("{9A19103F-16F7-4668-BE54-9A1E7A4F7556}") = "Arrays", "Arrays\Arrays.csproj", "{0282EEB4-0662-4CD5-AEB4-C59C2AD8F1E4}"
EndProject
Project("{9A19103F-16F7-4668-BE54-9A1E7A4F7556}") = "Loops", "Loops\Loops.csproj", "{7E2ECC07-4516-4867-8941-4CCF96FD2EFC}"
EndProject
Project("{9A19103F-16F7-4668-BE54-9A1E7A4F7556}") = "Strings", "Strings\Strings.csproj", "{A07CD707-7950-47D5-9041-52B9E76F9149}"
EndProject
Project("{9A19103F-16F7-4668-BE54-9A1E7A4F7556}") = "Classes", "Classes\Classes.csproj", "{3CFB7033-8647-42BD-A9E8-99398CF1992D}"
EndProject
Global
	GlobalSection(SolutionConfigurationPlatforms) = preSolution
		Debug|Any CPU = Debug|Any CPU
		Release|Any CPU = Release|Any CPU
	EndGlobalSection
	GlobalSection(ProjectConfigurationPlatforms) = postSolution
		{879C8540-A052-4FCE-873F-342C460F0659}.Debug|Any CPU.ActiveCfg = Debug|Any CPU
		{879C8540-A052-4FCE-873F-342C460F0659}.Debug|Any CPU.Build.0 = Debug|Any CPU
		{879C8540-A052-4FCE-873F-342C460F0659}.Release|Any CPU.ActiveCfg = Release|Any CPU
		{879C8540-A052-4FCE-873F-342C460F0659}.Release|Any CPU.Build.0 = Release|Any CPU
		{E2BF1A35-AA49-4F8B-BE66-6AC90E12DC3E}.Debug|Any CPU.ActiveCfg = Debug|Any CPU
		{E2BF1A35-AA49-4F8B-BE66-6AC90E12DC3E}.Debug|Any CPU.Build.0 = Debug|Any CPU
		{E2BF1A35-AA49-4F8B-BE66-6AC90E12DC3E}.Release|Any CPU.ActiveCfg = Release|Any CPU
		{E2BF1A35-AA49-4F8B-BE66-6AC90E12DC3E}.Release|Any CPU.Build.0 = Release|Any CPU
		{E8C10AE5-116C-4FC7-BFF3-F60E9A3AD31D}.Debug|Any CPU.ActiveCfg = Debug|Any CPU
		{E8C10AE5-116C-4FC7-BFF3-F60E9A3AD31D}.Debug|Any CPU.Build.0 = Debug|Any CPU
		{E8C10AE5-116C-4FC7-BFF3-F60E9A3AD31D}.Release|Any CPU.ActiveCfg = Release|Any CPU
		{E8C10AE5-116C-4FC7-BFF3-F60E9A3AD31D}.Release|Any CPU.Build.0 = Release|Any CPU
		{0282EEB4-0662-4CD5-AEB4-C59C2AD8F1E4}.Debug|Any CPU.ActiveCfg = Debug|Any CPU
		{0282EEB4-0662-4CD5-AEB4-C59C2AD8F1E4}.Debug|Any CPU.Build.0 = Debug|Any CPU
		{0282EEB4-0662-4CD5-AEB4-C59C2AD8F1E4}.Release|Any CPU.ActiveCfg = Release|Any CPU
		{0282EEB4-0662-4CD5-AEB4-C59C2AD8F1E4}.Release|Any CPU.Build.0 = Release|Any CPU
		{7E2ECC07-4516-4867-8941-4CCF96FD2EFC}.Debug|Any CPU.ActiveCfg = Debug|Any CPU
		{7E2ECC07-4516-4867-8941-4CCF96FD2EFC}.Debug|Any CPU.Build.0 = Debug|Any CPU
		{7E2ECC07-4516-4867-8941-4CCF96FD2EFC}.Release|Any CPU.ActiveCfg = Release|Any CPU
		{7E2ECC07-4516-4867-8941-4CCF96FD2EFC}.Release|Any CPU.Build.0 = Release|Any CPU
		{A07CD707-7950-47D5-9041-52B9E76F9149}.Debug|Any CPU.ActiveCfg = Debug|Any CPU
		{A07CD707-7950-47D5-9041-52B9E76F9149}.Debug|Any CPU.Build.0 = Debug|Any CPU
		{A07CD707-7950-47D5-9041-52B9E76F9149}.Release|Any CPU.ActiveCfg = Release|Any CPU
		{A07CD707-7950-47D5-9041-52B9E76F9149}.Release|Any CPU.Build.0 = Release|Any CPU
		{3CFB7033-8647-42BD-A9E8-99398CF1992D}.Debug|Any CPU.ActiveCfg = Debug|Any CPU
		{3CFB7033-8647-42BD-A9E8-99398CF1992D}.Debug|Any CPU.Build.0 = Debug|Any CPU
		{3CFB7033-8647-42BD-A9E8-99398CF1992D}.Release|Any CPU.ActiveCfg = Release|Any CPU
		{3CFB7033-8647-42BD-A9E8-99398CF1992D}.Release|Any CPU.Build.0 = Release|Any CPU
	EndGlobalSection
	GlobalSection(SolutionProperties) = preSolution
		HideSolutionNode = FALSE
	EndGlobalSection
	GlobalSection(ExtensibilityGlobals) = postSolution
		SolutionGuid = {A29C71A0-1393-4814-90CF-0A1186542CF2}
	EndGlobalSection
EndGlobal
